// !$*UTF8*$!
{
	archiveVersion = 1;
	classes = {
	};
	objectVersion = 46;
	objects = {

/* Begin PBXBuildFile section */
		1B8684D51C58A706002185B6 /* AppDelegate.swift in Sources */ = {isa = PBXBuildFile; fileRef = 1B8684D41C58A706002185B6 /* AppDelegate.swift */; };
		1B8684D71C58A706002185B6 /* ViewController.swift in Sources */ = {isa = PBXBuildFile; fileRef = 1B8684D61C58A706002185B6 /* ViewController.swift */; };
		1B8684DA1C58A706002185B6 /* Main.storyboard in Resources */ = {isa = PBXBuildFile; fileRef = 1B8684D81C58A706002185B6 /* Main.storyboard */; };
		1B8684DC1C58A706002185B6 /* Assets.xcassets in Resources */ = {isa = PBXBuildFile; fileRef = 1B8684DB1C58A706002185B6 /* Assets.xcassets */; };
		1B8684DF1C58A706002185B6 /* LaunchScreen.storyboard in Resources */ = {isa = PBXBuildFile; fileRef = 1B8684DD1C58A706002185B6 /* LaunchScreen.storyboard */; };
		1B8684EA1C58A706002185B6 /* sampleTextFieldTests.swift in Sources */ = {isa = PBXBuildFile; fileRef = 1B8684E91C58A706002185B6 /* sampleTextFieldTests.swift */; };
		1B8684F51C58A706002185B6 /* sampleTextFieldUITests.swift in Sources */ = {isa = PBXBuildFile; fileRef = 1B8684F41C58A706002185B6 /* sampleTextFieldUITests.swift */; };
/* End PBXBuildFile section */

/* Begin PBXContainerItemProxy section */
		1B8684E61C58A706002185B6 /* PBXContainerItemProxy */ = {
			isa = PBXContainerItemProxy;
			containerPortal = 1B8684C91C58A706002185B6 /* Project object */;
			proxyType = 1;
			remoteGlobalIDString = 1B8684D01C58A706002185B6;
			remoteInfo = sampleTextField;
		};
		1B8684F11C58A706002185B6 /* PBXContainerItemProxy */ = {
			isa = PBXContainerItemProxy;
			containerPortal = 1B8684C91C58A706002185B6 /* Project object */;
			proxyType = 1;
			remoteGlobalIDString = 1B8684D01C58A706002185B6;
			remoteInfo = sampleTextField;
		};
/* End PBXContainerItemProxy section */

/* Begin PBXFileReference section */
		1B8684D11C58A706002185B6 /* sampleTextField.app */ = {isa = PBXFileReference; explicitFileType = wrapper.application; includeInIndex = 0; path = sampleTextField.app; sourceTree = BUILT_PRODUCTS_DIR; };
		1B8684D41C58A706002185B6 /* AppDelegate.swift */ = {isa = PBXFileReference; lastKnownFileType = sourcecode.swift; path = AppDelegate.swift; sourceTree = "<group>"; };
		1B8684D61C58A706002185B6 /* ViewController.swift */ = {isa = PBXFileReference; lastKnownFileType = sourcecode.swift; path = ViewController.swift; sourceTree = "<group>"; };
		1B8684D91C58A706002185B6 /* Base */ = {isa = PBXFileReference; lastKnownFileType = file.storyboard; name = Base; path = Base.lproj/Main.storyboard; sourceTree = "<group>"; };
		1B8684DB1C58A706002185B6 /* Assets.xcassets */ = {isa = PBXFileReference; lastKnownFileType = folder.assetcatalog; path = Assets.xcassets; sourceTree = "<group>"; };
		1B8684DE1C58A706002185B6 /* Base */ = {isa = PBXFileReference; lastKnownFileType = file.storyboard; name = Base; path = Base.lproj/LaunchScreen.storyboard; sourceTree = "<group>"; };
		1B8684E01C58A706002185B6 /* Info.plist */ = {isa = PBXFileReference; lastKnownFileType = text.plist.xml; path = Info.plist; sourceTree = "<group>"; };
		1B8684E51C58A706002185B6 /* sampleTextFieldTests.xctest */ = {isa = PBXFileReference; explicitFileType = wrapper.cfbundle; includeInIndex = 0; path = sampleTextFieldTests.xctest; sourceTree = BUILT_PRODUCTS_DIR; };
		1B8684E91C58A706002185B6 /* sampleTextFieldTests.swift */ = {isa = PBXFileReference; lastKnownFileType = sourcecode.swift; path = sampleTextFieldTests.swift; sourceTree = "<group>"; };
		1B8684EB1C58A706002185B6 /* Info.plist */ = {isa = PBXFileReference; lastKnownFileType = text.plist.xml; path = Info.plist; sourceTree = "<group>"; };
		1B8684F01C58A706002185B6 /* sampleTextFieldUITests.xctest */ = {isa = PBXFileReference; explicitFileType = wrapper.cfbundle; includeInIndex = 0; path = sampleTextFieldUITests.xctest; sourceTree = BUILT_PRODUCTS_DIR; };
		1B8684F41C58A706002185B6 /* sampleTextFieldUITests.swift */ = {isa = PBXFileReference; lastKnownFileType = sourcecode.swift; path = sampleTextFieldUITests.swift; sourceTree = "<group>"; };
		1B8684F61C58A706002185B6 /* Info.plist */ = {isa = PBXFileReference; lastKnownFileType = text.plist.xml; path = Info.plist; sourceTree = "<group>"; };
/* End PBXFileReference section */

/* Begin PBXFrameworksBuildPhase section */
		1B8684CE1C58A706002185B6 /* Frameworks */ = {
			isa = PBXFrameworksBuildPhase;
			buildActionMask = 2147483647;
			files = (
			);
			runOnlyForDeploymentPostprocessing = 0;
		};
		1B8684E21C58A706002185B6 /* Frameworks */ = {
			isa = PBXFrameworksBuildPhase;
			buildActionMask = 2147483647;
			files = (
			);
			runOnlyForDeploymentPostprocessing = 0;
		};
		1B8684ED1C58A706002185B6 /* Frameworks */ = {
			isa = PBXFrameworksBuildPhase;
			buildActionMask = 2147483647;
			files = (
			);
			runOnlyForDeploymentPostprocessing = 0;
		};
/* End PBXFrameworksBuildPhase section */

/* Begin PBXGroup section */
		1B8684C81C58A706002185B6 = {
			isa = PBXGroup;
			children = (
				1B8684D31C58A706002185B6 /* sampleTextField */,
				1B8684E81C58A706002185B6 /* sampleTextFieldTests */,
				1B8684F31C58A706002185B6 /* sampleTextFieldUITests */,
				1B8684D21C58A706002185B6 /* Products */,
			);
			sourceTree = "<group>";
		};
		1B8684D21C58A706002185B6 /* Products */ = {
			isa = PBXGroup;
			children = (
				1B8684D11C58A706002185B6 /* sampleTextField.app */,
				1B8684E51C58A706002185B6 /* sampleTextFieldTests.xctest */,
				1B8684F01C58A706002185B6 /* sampleTextFieldUITests.xctest */,
			);
			name = Products;
			sourceTree = "<group>";
		};
		1B8684D31C58A706002185B6 /* sampleTextField */ = {
			isa = PBXGroup;
			children = (
				1B8684D41C58A706002185B6 /* AppDelegate.swift */,
				1B8684D61C58A706002185B6 /* ViewController.swift */,
				1B8684D81C58A706002185B6 /* Main.storyboard */,
				1B8684DB1C58A706002185B6 /* Assets.xcassets */,
				1B8684DD1C58A706002185B6 /* LaunchScreen.storyboard */,
				1B8684E01C58A706002185B6 /* Info.plist */,
			);
			path = sampleTextField;
			sourceTree = "<group>";
		};
		1B8684E81C58A706002185B6 /* sampleTextFieldTests */ = {
			isa = PBXGroup;
			children = (
				1B8684E91C58A706002185B6 /* sampleTextFieldTests.swift */,
				1B8684EB1C58A706002185B6 /* Info.plist */,
			);
			path = sampleTextFieldTests;
			sourceTree = "<group>";
		};
		1B8684F31C58A706002185B6 /* sampleTextFieldUITests */ = {
			isa = PBXGroup;
			children = (
				1B8684F41C58A706002185B6 /* sampleTextFieldUITests.swift */,
				1B8684F61C58A706002185B6 /* Info.plist */,
			);
			path = sampleTextFieldUITests;
			sourceTree = "<group>";
		};
/* End PBXGroup section */

/* Begin PBXNativeTarget section */
		1B8684D01C58A706002185B6 /* sampleTextField */ = {
			isa = PBXNativeTarget;
			buildConfigurationList = 1B8684F91C58A706002185B6 /* Build configuration list for PBXNativeTarget "sampleTextField" */;
			buildPhases = (
				1B8684CD1C58A706002185B6 /* Sources */,
				1B8684CE1C58A706002185B6 /* Frameworks */,
				1B8684CF1C58A706002185B6 /* Resources */,
			);
			buildRules = (
			);
			dependencies = (
			);
			name = sampleTextField;
			productName = sampleTextField;
			productReference = 1B8684D11C58A706002185B6 /* sampleTextField.app */;
			productType = "com.apple.product-type.application";
		};
		1B8684E41C58A706002185B6 /* sampleTextFieldTests */ = {
			isa = PBXNativeTarget;
			buildConfigurationList = 1B8684FC1C58A706002185B6 /* Build configuration list for PBXNativeTarget "sampleTextFieldTests" */;
			buildPhases = (
				1B8684E11C58A706002185B6 /* Sources */,
				1B8684E21C58A706002185B6 /* Frameworks */,
				1B8684E31C58A706002185B6 /* Resources */,
			);
			buildRules = (
			);
			dependencies = (
				1B8684E71C58A706002185B6 /* PBXTargetDependency */,
			);
			name = sampleTextFieldTests;
			productName = sampleTextFieldTests;
			productReference = 1B8684E51C58A706002185B6 /* sampleTextFieldTests.xctest */;
			productType = "com.apple.product-type.bundle.unit-test";
		};
		1B8684EF1C58A706002185B6 /* sampleTextFieldUITests */ = {
			isa = PBXNativeTarget;
			buildConfigurationList = 1B8684FF1C58A706002185B6 /* Build configuration list for PBXNativeTarget "sampleTextFieldUITests" */;
			buildPhases = (
				1B8684EC1C58A706002185B6 /* Sources */,
				1B8684ED1C58A706002185B6 /* Frameworks */,
				1B8684EE1C58A706002185B6 /* Resources */,
			);
			buildRules = (
			);
			dependencies = (
				1B8684F21C58A706002185B6 /* PBXTargetDependency */,
			);
			name = sampleTextFieldUITests;
			productName = sampleTextFieldUITests;
			productReference = 1B8684F01C58A706002185B6 /* sampleTextFieldUITests.xctest */;
			productType = "com.apple.product-type.bundle.ui-testing";
		};
/* End PBXNativeTarget section */

/* Begin PBXProject section */
		1B8684C91C58A706002185B6 /* Project object */ = {
			isa = PBXProject;
			attributes = {
				LastSwiftUpdateCheck = 0720;
				LastUpgradeCheck = 0720;
				ORGANIZATIONNAME = "Eriko Ichinohe";
				TargetAttributes = {
					1B8684D01C58A706002185B6 = {
						CreatedOnToolsVersion = 7.2;
						LastSwiftMigration = 0800;
					};
					1B8684E41C58A706002185B6 = {
						CreatedOnToolsVersion = 7.2;
						LastSwiftMigration = 0800;
						TestTargetID = 1B8684D01C58A706002185B6;
					};
					1B8684EF1C58A706002185B6 = {
						CreatedOnToolsVersion = 7.2;
						LastSwiftMigration = 0800;
						TestTargetID = 1B8684D01C58A706002185B6;
					};
				};
			};
			buildConfigurationList = 1B8684CC1C58A706002185B6 /* Build configuration list for PBXProject "sampleTextField" */;
			compatibilityVersion = "Xcode 3.2";
			developmentRegion = English;
			hasScannedForEncodings = 0;
			knownRegions = (
				en,
				Base,
			);
			mainGroup = 1B8684C81C58A706002185B6;
			productRefGroup = 1B8684D21C58A706002185B6 /* Products */;
			projectDirPath = "";
			projectRoot = "";
			targets = (
				1B8684D01C58A706002185B6 /* sampleTextField */,
				1B8684E41C58A706002185B6 /* sampleTextFieldTests */,
				1B8684EF1C58A706002185B6 /* sampleTextFieldUITests */,
			);
		};
/* End PBXProject section */

/* Begin PBXResourcesBuildPhase section */
		1B8684CF1C58A706002185B6 /* Resources */ = {
			isa = PBXResourcesBuildPhase;
			buildActionMask = 2147483647;
			files = (
				1B8684DF1C58A706002185B6 /* LaunchScreen.storyboard in Resources */,
				1B8684DC1C58A706002185B6 /* Assets.xcassets in Resources */,
				1B8684DA1C58A706002185B6 /* Main.storyboard in Resources */,
			);
			runOnlyForDeploymentPostprocessing = 0;
		};
		1B8684E31C58A706002185B6 /* Resources */ = {
			isa = PBXResourcesBuildPhase;
			buildActionMask = 2147483647;
			files = (
			);
			runOnlyForDeploymentPostprocessing = 0;
		};
		1B8684EE1C58A706002185B6 /* Resources */ = {
			isa = PBXResourcesBuildPhase;
			buildActionMask = 2147483647;
			files = (
			);
			runOnlyForDeploymentPostprocessing = 0;
		};
/* End PBXResourcesBuildPhase section */

/* Begin PBXSourcesBuildPhase section */
		1B8684CD1C58A706002185B6 /* Sources */ = {
			isa = PBXSourcesBuildPhase;
			buildActionMask = 2147483647;
			files = (
				1B8684D71C58A706002185B6 /* ViewController.swift in Sources */,
				1B8684D51C58A706002185B6 /* AppDelegate.swift in Sources */,
			);
			runOnlyForDeploymentPostprocessing = 0;
		};
		1B8684E11C58A706002185B6 /* Sources */ = {
			isa = PBXSourcesBuildPhase;
			buildActionMask = 2147483647;
			files = (
				1B8684EA1C58A706002185B6 /* sampleTextFieldTests.swift in Sources */,
			);
			runOnlyForDeploymentPostprocessing = 0;
		};
		1B8684EC1C58A706002185B6 /* Sources */ = {
			isa = PBXSourcesBuildPhase;
			buildActionMask = 2147483647;
			files = (
				1B8684F51C58A706002185B6 /* sampleTextFieldUITests.swift in Sources */,
			);
			runOnlyForDeploymentPostprocessing = 0;
		};
/* End PBXSourcesBuildPhase section */

/* Begin PBXTargetDependency section */
		1B8684E71C58A706002185B6 /* PBXTargetDependency */ = {
			isa = PBXTargetDependency;
			target = 1B8684D01C58A706002185B6 /* sampleTextField */;
			targetProxy = 1B8684E61C58A706002185B6 /* PBXContainerItemProxy */;
		};
		1B8684F21C58A706002185B6 /* PBXTargetDependency */ = {
			isa = PBXTargetDependency;
			target = 1B8684D01C58A706002185B6 /* sampleTextField */;
			targetProxy = 1B8684F11C58A706002185B6 /* PBXContainerItemProxy */;
		};
/* End PBXTargetDependency section */

/* Begin PBXVariantGroup section */
		1B8684D81C58A706002185B6 /* Main.storyboard */ = {
			isa = PBXVariantGroup;
			children = (
				1B8684D91C58A706002185B6 /* Base */,
			);
			name = Main.storyboard;
			sourceTree = "<group>";
		};
		1B8684DD1C58A706002185B6 /* LaunchScreen.storyboard */ = {
			isa = PBXVariantGroup;
			children = (
				1B8684DE1C58A706002185B6 /* Base */,
			);
			name = LaunchScreen.storyboard;
			sourceTree = "<group>";
		};
/* End PBXVariantGroup section */

/* Begin XCBuildConfiguration section */
		1B8684F71C58A706002185B6 /* Debug */ = {
			isa = XCBuildConfiguration;
			buildSettings = {
				ALWAYS_SEARCH_USER_PATHS = NO;
				CLANG_CXX_LANGUAGE_STANDARD = "gnu++0x";
				CLANG_CXX_LIBRARY = "libc++";
				CLANG_ENABLE_MODULES = YES;
				CLANG_ENABLE_OBJC_ARC = YES;
				CLANG_WARN_BOOL_CONVERSION = YES;
				CLANG_WARN_CONSTANT_CONVERSION = YES;
				CLANG_WARN_DIRECT_OBJC_ISA_USAGE = YES_ERROR;
				CLANG_WARN_EMPTY_BODY = YES;
				CLANG_WARN_ENUM_CONVERSION = YES;
				CLANG_WARN_INT_CONVERSION = YES;
				CLANG_WARN_OBJC_ROOT_CLASS = YES_ERROR;
				CLANG_WARN_UNREACHABLE_CODE = YES;
				CLANG_WARN__DUPLICATE_METHOD_MATCH = YES;
				"CODE_SIGN_IDENTITY[sdk=iphoneos*]" = "iPhone Developer";
				COPY_PHASE_STRIP = NO;
				DEBUG_INFORMATION_FORMAT = dwarf;
				ENABLE_STRICT_OBJC_MSGSEND = YES;
				ENABLE_TESTABILITY = YES;
				GCC_C_LANGUAGE_STANDARD = gnu99;
				GCC_DYNAMIC_NO_PIC = NO;
				GCC_NO_COMMON_BLOCKS = YES;
				GCC_OPTIMIZATION_LEVEL = 0;
				GCC_PREPROCESSOR_DEFINITIONS = (
					"DEBUG=1",
					"$(inherited)",
				);
				GCC_WARN_64_TO_32_BIT_CONVERSION = YES;
				GCC_WARN_ABOUT_RETURN_TYPE = YES_ERROR;
				GCC_WARN_UNDECLARED_SELECTOR = YES;
				GCC_WARN_UNINITIALIZED_AUTOS = YES_AGGRESSIVE;
				GCC_WARN_UNUSED_FUNCTION = YES;
				GCC_WARN_UNUSED_VARIABLE = YES;
				IPHONEOS_DEPLOYMENT_TARGET = 9.2;
				MTL_ENABLE_DEBUG_INFO = YES;
				ONLY_ACTIVE_ARCH = YES;
				SDKROOT = iphoneos;
				SWIFT_OPTIMIZATION_LEVEL = "-Onone";
			};
			name = Debug;
		};
		1B8684F81C58A706002185B6 /* Release */ = {
			isa = XCBuildConfiguration;
			buildSettings = {
				ALWAYS_SEARCH_USER_PATHS = NO;
				CLANG_CXX_LANGUAGE_STANDARD = "gnu++0x";
				CLANG_CXX_LIBRARY = "libc++";
				CLANG_ENABLE_MODULES = YES;
				CLANG_ENABLE_OBJC_ARC = YES;
				CLANG_WARN_BOOL_CONVERSION = YES;
				CLANG_WARN_CONSTANT_CONVERSION = YES;
				CLANG_WARN_DIRECT_OBJC_ISA_USAGE = YES_ERROR;
				CLANG_WARN_EMPTY_BODY = YES;
				CLANG_WARN_ENUM_CONVERSION = YES;
				CLANG_WARN_INT_CONVERSION = YES;
				CLANG_WARN_OBJC_ROOT_CLASS = YES_ERROR;
				CLANG_WARN_UNREACHABLE_CODE = YES;
				CLANG_WARN__DUPLICATE_METHOD_MATCH = YES;
				"CODE_SIGN_IDENTITY[sdk=iphoneos*]" = "iPhone Developer";
				COPY_PHASE_STRIP = NO;
				DEBUG_INFORMATION_FORMAT = "dwarf-with-dsym";
				ENABLE_NS_ASSERTIONS = NO;
				ENABLE_STRICT_OBJC_MSGSEND = YES;
				GCC_C_LANGUAGE_STANDARD = gnu99;
				GCC_NO_COMMON_BLOCKS = YES;
				GCC_WARN_64_TO_32_BIT_CONVERSION = YES;
				GCC_WARN_ABOUT_RETURN_TYPE = YES_ERROR;
				GCC_WARN_UNDECLARED_SELECTOR = YES;
				GCC_WARN_UNINITIALIZED_AUTOS = YES_AGGRESSIVE;
				GCC_WARN_UNUSED_FUNCTION = YES;
				GCC_WARN_UNUSED_VARIABLE = YES;
				IPHONEOS_DEPLOYMENT_TARGET = 9.2;
				MTL_ENABLE_DEBUG_INFO = NO;
				SDKROOT = iphoneos;
				VALIDATE_PRODUCT = YES;
			};
			name = Release;
		};
		1B8684FA1C58A706002185B6 /* Debug */ = {
			isa = XCBuildConfiguration;
			buildSettings = {
				ASSETCATALOG_COMPILER_APPICON_NAME = AppIcon;
				INFOPLIST_FILE = sampleTextField/Info.plist;
				LD_RUNPATH_SEARCH_PATHS = "$(inherited) @executable_path/Frameworks";
				PRODUCT_BUNDLE_IDENTIFIER = com.erikoichinohe.sampleTextField;
				PRODUCT_NAME = "$(TARGET_NAME)";
				SWIFT_VERSION = 3.0;
			};
			name = Debug;
		};
		1B8684FB1C58A706002185B6 /* Release */ = {
			isa = XCBuildConfiguration;
			buildSettings = {
				ASSETCATALOG_COMPILER_APPICON_NAME = AppIcon;
				INFOPLIST_FILE = sampleTextField/Info.plist;
				LD_RUNPATH_SEARCH_PATHS = "$(inherited) @executable_path/Frameworks";
				PRODUCT_BUNDLE_IDENTIFIER = com.erikoichinohe.sampleTextField;
				PRODUCT_NAME = "$(TARGET_NAME)";
				SWIFT_VERSION = 3.0;
			};
			name = Release;
		};
		1B8684FD1C58A706002185B6 /* Debug */ = {
			isa = XCBuildConfiguration;
			buildSettings = {
				BUNDLE_LOADER = "$(TEST_HOST)";
				INFOPLIST_FILE = sampleTextFieldTests/Info.plist;
				LD_RUNPATH_SEARCH_PATHS = "$(inherited) @executable_path/Frameworks @loader_path/Frameworks";
				PRODUCT_BUNDLE_IDENTIFIER = com.erikoichinohe.sampleTextFieldTests;
				PRODUCT_NAME = "$(TARGET_NAME)";
				SWIFT_VERSION = 3.0;
				TEST_HOST = "$(BUILT_PRODUCTS_DIR)/sampleTextField.app/sampleTextField";
			};
			name = Debug;
		};
		1B8684FE1C58A706002185B6 /* Release */ = {
			isa = XCBuildConfiguration;
			buildSettings = {
				BUNDLE_LOADER = "$(TEST_HOST)";
				INFOPLIST_FILE = sampleTextFieldTests/Info.plist;
				LD_RUNPATH_SEARCH_PATHS = "$(inherited) @executable_path/Frameworks @loader_path/Frameworks";
				PRODUCT_BUNDLE_IDENTIFIER = com.erikoichinohe.sampleTextFieldTests;
				PRODUCT_NAME = "$(TARGET_NAME)";
				SWIFT_VERSION = 3.0;
				TEST_HOST = "$(BUILT_PRODUCTS_DIR)/sampleTextField.app/sampleTextField";
			};
			name = Release;
		};
		1B8685001C58A706002185B6 /* Debug */ = {
			isa = XCBuildConfiguration;
			buildSettings = {
				INFOPLIST_FILE = sampleTextFieldUITests/Info.plist;
				LD_RUNPATH_SEARCH_PATHS = "$(inherited) @executable_path/Frameworks @loader_path/Frameworks";
				PRODUCT_BUNDLE_IDENTIFIER = com.erikoichinohe.sampleTextFieldUITests;
				PRODUCT_NAME = "$(TARGET_NAME)";
				SWIFT_VERSION = 3.0;
				TEST_TARGET_NAME = sampleTextField;
				USES_XCTRUNNER = YES;
			};
			name = Debug;
		};
		1B8685011C58A706002185B6 /* Release */ = {
			isa = XCBuildConfiguration;
			buildSettings = {
				INFOPLIST_FILE = sampleTextFieldUITests/Info.plist;
				LD_RUNPATH_SEARCH_PATHS = "$(inherited) @executable_path/Frameworks @loader_path/Frameworks";
				PRODUCT_BUNDLE_IDENTIFIER = com.erikoichinohe.sampleTextFieldUITests;
				PRODUCT_NAME = "$(TARGET_NAME)";
				SWIFT_VERSION = 3.0;
				TEST_TARGET_NAME = sampleTextField;
				USES_XCTRUNNER = YES;
			};
			name = Release;
		};
/* End XCBuildConfiguration section */

/* Begin XCConfigurationList section */
		1B8684CC1C58A706002185B6 /* Build configuration list for PBXProject "sampleTextField" */ = {
			isa = XCConfigurationList;
			buildConfigurations = (
				1B8684F71C58A706002185B6 /* Debug */,
				1B8684F81C58A706002185B6 /* Release */,
			);
			defaultConfigurationIsVisible = 0;
			defaultConfigurationName = Release;
		};
		1B8684F91C58A706002185B6 /* Build configuration list for PBXNativeTarget "sampleTextField" */ = {
			isa = XCConfigurationList;
			buildConfigurations = (
				1B8684FA1C58A706002185B6 /* Debug */,
				1B8684FB1C58A706002185B6 /* Release */,
			);
			defaultConfigurationIsVisible = 0;
			defaultConfigurationName = Release;
		};
		1B8684FC1C58A706002185B6 /* Build configuration list for PBXNativeTarget "sampleTextFieldTests" */ = {
			isa = XCConfigurationList;
			buildConfigurations = (
				1B8684FD1C58A706002185B6 /* Debug */,
				1B8684FE1C58A706002185B6 /* Release */,
			);
			defaultConfigurationIsVisible = 0;
			defaultConfigurationName = Release;
		};
		1B8684FF1C58A706002185B6 /* Build configuration list for PBXNativeTarget "sampleTextFieldUITests" */ = {
			isa = XCConfigurationList;
			buildConfigurations = (
				1B8685001C58A706002185B6 /* Debug */,
				1B8685011C58A706002185B6 /* Release */,
			);
			defaultConfigurationIsVisible = 0;
			defaultConfigurationName = Release;
		};
/* End XCConfigurationList section */
	};
	rootObject = 1B8684C91C58A706002185B6 /* Project object */;
}
